// !$*UTF8*$!
{
	archiveVersion = 1;
	classes = {
	};
	objectVersion = 48;
	objects = {

/* Begin PBXBuildFile section */
		320A739C22E962B8004A2351 /* DesignSparkPCB.app in Resources */ = {isa = PBXBuildFile; fileRef = 320A739B22E962B8004A2351 /* DesignSparkPCB.app */; };
		3235CA8D219BA856009022D0 /* minicom in Resources */ = {isa = PBXBuildFile; fileRef = 3235CA8C219BA856009022D0 /* minicom */; };
		3249F2A21D599E3900ECF5B4 /* openscad in Resources */ = {isa = PBXBuildFile; fileRef = 3249F2A11D599E3900ECF5B4 /* openscad */; };
		324C22E81CF429E7003A1AF5 /* eagle in Resources */ = {isa = PBXBuildFile; fileRef = 324C22E71CF429E7003A1AF5 /* eagle */; };
		325B6C851DBBE3EC00421596 /* fuse in Resources */ = {isa = PBXBuildFile; fileRef = 325B6C841DBBE3EC00421596 /* fuse */; };
		32724CE821E1DD7200127D21 /* avr in Resources */ = {isa = PBXBuildFile; fileRef = 32724CE721E1DD7200127D21 /* avr */; };
		32724CEA21E1DD9D00127D21 /* arduino in Resources */ = {isa = PBXBuildFile; fileRef = 32724CE921E1DD9D00127D21 /* arduino */; };
		32724CEC21E1DDA800127D21 /* cantact in Resources */ = {isa = PBXBuildFile; fileRef = 32724CEB21E1DDA700127D21 /* cantact */; };
		328002011D6AAA4A001C5E4E /* run in Resources */ = {isa = PBXBuildFile; fileRef = 328002001D6AAA4A001C5E4E /* run */; };
		32836C6B21C9F09D0009C3D5 /* stlink in Resources */ = {isa = PBXBuildFile; fileRef = 32836C6A21C9F09D0009C3D5 /* stlink */; };
		32D281B41CF0066E00606B12 /* Application.swift in Sources */ = {isa = PBXBuildFile; fileRef = 32D281B31CF0066E00606B12 /* Application.swift */; };
		32D281B61CF0066F00606B12 /* Assets.xcassets in Resources */ = {isa = PBXBuildFile; fileRef = 32D281B51CF0066F00606B12 /* Assets.xcassets */; };
		32D281B91CF0066F00606B12 /* Main.storyboard in Resources */ = {isa = PBXBuildFile; fileRef = 32D281B71CF0066F00606B12 /* Main.storyboard */; };
		32D281F51CF00EF200606B12 /* inkscape in Resources */ = {isa = PBXBuildFile; fileRef = 32D281EF1CF00EF200606B12 /* inkscape */; };
		32D281F81CF00EF200606B12 /* xquartz in Resources */ = {isa = PBXBuildFile; fileRef = 32D281F21CF00EF200606B12 /* xquartz */; };
		32D5A3431D6AD27C008F9EFB /* arm in Resources */ = {isa = PBXBuildFile; fileRef = 32D5A3421D6AD27C008F9EFB /* arm */; };
		32DE5F911CF0D03000113FCF /* Web in Resources */ = {isa = PBXBuildFile; fileRef = 32DE5F901CF0D03000113FCF /* Web */; };
		32EBDE5D1D6ADB6A00CF5BEC /* source in Resources */ = {isa = PBXBuildFile; fileRef = 32EBDE5C1D6ADB6A00CF5BEC /* source */; };
		32F25DD11CF2499F00494B1C /* kext in Resources */ = {isa = PBXBuildFile; fileRef = 32F25DD01CF2499F00494B1C /* kext */; };
		32F25DD31CF24A2600494B1C /* driver in Resources */ = {isa = PBXBuildFile; fileRef = 32F25DD21CF24A2600494B1C /* driver */; };
		32FD004D22E7E8CA00D11242 /* dfu in Resources */ = {isa = PBXBuildFile; fileRef = 32FD004C22E7E8CA00D11242 /* dfu */; };
		32FFA9FC1D18D6FB00E5BBF0 /* openocd in Resources */ = {isa = PBXBuildFile; fileRef = 32FFA9FB1D18D6FB00E5BBF0 /* openocd */; };
/* End PBXBuildFile section */

/* Begin PBXFileReference section */
		320A739B22E962B8004A2351 /* DesignSparkPCB.app */ = {isa = PBXFileReference; lastKnownFileType = wrapper.application; name = DesignSparkPCB.app; path = macOS/Resources/DesignSparkPCB.app; sourceTree = "<group>"; };
		3235CA8C219BA856009022D0 /* minicom */ = {isa = PBXFileReference; lastKnownFileType = "compiled.mach-o.executable"; name = minicom; path = macOS/Resources/minicom; sourceTree = "<group>"; };
		3249F2A11D599E3900ECF5B4 /* openscad */ = {isa = PBXFileReference; fileEncoding = 4; lastKnownFileType = text.script.sh; name = openscad; path = macOS/Resources/openscad; sourceTree = "<group>"; };
		324C22E71CF429E7003A1AF5 /* eagle */ = {isa = PBXFileReference; fileEncoding = 4; lastKnownFileType = text.script.sh; name = eagle; path = macOS/Resources/eagle; sourceTree = "<group>"; };
		325B6C841DBBE3EC00421596 /* fuse */ = {isa = PBXFileReference; fileEncoding = 4; lastKnownFileType = text.script.sh; name = fuse; path = macOS/Resources/fuse; sourceTree = "<group>"; };
		32724CE721E1DD7200127D21 /* avr */ = {isa = PBXFileReference; fileEncoding = 4; lastKnownFileType = text.script.sh; name = avr; path = macOS/Resources/avr; sourceTree = "<group>"; };
		32724CE921E1DD9D00127D21 /* arduino */ = {isa = PBXFileReference; fileEncoding = 4; lastKnownFileType = text.script.sh; name = arduino; path = macOS/Resources/arduino; sourceTree = "<group>"; };
		32724CEB21E1DDA700127D21 /* cantact */ = {isa = PBXFileReference; fileEncoding = 4; lastKnownFileType = text.script.sh; name = cantact; path = macOS/Resources/cantact; sourceTree = "<group>"; };
		328002001D6AAA4A001C5E4E /* run */ = {isa = PBXFileReference; fileEncoding = 4; lastKnownFileType = text.script.sh; name = run; path = macOS/Resources/run; sourceTree = "<group>"; };
		32836C6A21C9F09D0009C3D5 /* stlink */ = {isa = PBXFileReference; fileEncoding = 4; lastKnownFileType = text.script.sh; name = stlink; path = macOS/Resources/stlink; sourceTree = "<group>"; };
		32D281AE1CF0066E00606B12 /* Huebner Inverter.app */ = {isa = PBXFileReference; explicitFileType = wrapper.application; includeInIndex = 0; path = "Huebner Inverter.app"; sourceTree = BUILT_PRODUCTS_DIR; };
		32D281B31CF0066E00606B12 /* Application.swift */ = {isa = PBXFileReference; lastKnownFileType = sourcecode.swift; name = Application.swift; path = Sources/Application.swift; sourceTree = "<group>"; };
		32D281B51CF0066F00606B12 /* Assets.xcassets */ = {isa = PBXFileReference; lastKnownFileType = folder.assetcatalog; path = Assets.xcassets; sourceTree = "<group>"; };
		32D281B81CF0066F00606B12 /* Base */ = {isa = PBXFileReference; lastKnownFileType = file.storyboard; name = Base; path = Base.lproj/Main.storyboard; sourceTree = "<group>"; };
		32D281BA1CF0066F00606B12 /* Info.plist */ = {isa = PBXFileReference; lastKnownFileType = text.plist.xml; path = Info.plist; sourceTree = "<group>"; };
		32D281EF1CF00EF200606B12 /* inkscape */ = {isa = PBXFileReference; fileEncoding = 4; lastKnownFileType = text.script.sh; name = inkscape; path = macOS/Resources/inkscape; sourceTree = "<group>"; };
		32D281F21CF00EF200606B12 /* xquartz */ = {isa = PBXFileReference; fileEncoding = 4; lastKnownFileType = text.script.sh; name = xquartz; path = macOS/Resources/xquartz; sourceTree = "<group>"; };
		32D5A3421D6AD27C008F9EFB /* arm */ = {isa = PBXFileReference; fileEncoding = 4; lastKnownFileType = text.script.sh; name = arm; path = macOS/Resources/arm; sourceTree = "<group>"; };
		32DE5F901CF0D03000113FCF /* Web */ = {isa = PBXFileReference; lastKnownFileType = folder; path = Web; sourceTree = "<group>"; };
		32EBDE5C1D6ADB6A00CF5BEC /* source */ = {isa = PBXFileReference; fileEncoding = 4; lastKnownFileType = text.script.sh; name = source; path = macOS/Resources/source; sourceTree = "<group>"; };
		32F25DD01CF2499F00494B1C /* kext */ = {isa = PBXFileReference; lastKnownFileType = folder; name = kext; path = macOS/Resources/kext; sourceTree = "<group>"; };
		32F25DD21CF24A2600494B1C /* driver */ = {isa = PBXFileReference; fileEncoding = 4; lastKnownFileType = text.script.sh; name = driver; path = macOS/Resources/driver; sourceTree = "<group>"; };
		32FD004C22E7E8CA00D11242 /* dfu */ = {isa = PBXFileReference; fileEncoding = 4; lastKnownFileType = text.script.sh; name = dfu; path = macOS/Resources/dfu; sourceTree = "<group>"; };
		32FFA9FB1D18D6FB00E5BBF0 /* openocd */ = {isa = PBXFileReference; fileEncoding = 4; lastKnownFileType = text.script.sh; name = openocd; path = macOS/Resources/openocd; sourceTree = "<group>"; };
/* End PBXFileReference section */

/* Begin PBXFrameworksBuildPhase section */
		32D281AB1CF0066E00606B12 /* Frameworks */ = {
			isa = PBXFrameworksBuildPhase;
			buildActionMask = 2147483647;
			files = (
			);
			runOnlyForDeploymentPostprocessing = 0;
		};
/* End PBXFrameworksBuildPhase section */

/* Begin PBXGroup section */
		32D281A51CF0066E00606B12 = {
			isa = PBXGroup;
			children = (
				32D281B01CF0066E00606B12 /* macOS */,
				32D281E01CF00D5300606B12 /* Resources */,
				32D281AF1CF0066E00606B12 /* Products */,
			);
			sourceTree = "<group>";
			usesTabs = 1;
		};
		32D281AF1CF0066E00606B12 /* Products */ = {
			isa = PBXGroup;
			children = (
				32D281AE1CF0066E00606B12 /* Huebner Inverter.app */,
			);
			name = Products;
			sourceTree = "<group>";
		};
		32D281B01CF0066E00606B12 /* macOS */ = {
			isa = PBXGroup;
			children = (
				32D281B31CF0066E00606B12 /* Application.swift */,
				32D281B51CF0066F00606B12 /* Assets.xcassets */,
				32D281B71CF0066F00606B12 /* Main.storyboard */,
				32D281BA1CF0066F00606B12 /* Info.plist */,
			);
			path = macOS;
			sourceTree = "<group>";
		};
		32D281E01CF00D5300606B12 /* Resources */ = {
			isa = PBXGroup;
			children = (
				32F25DD01CF2499F00494B1C /* kext */,
				32DE5F901CF0D03000113FCF /* Web */,
				32724CE921E1DD9D00127D21 /* arduino */,
				32D5A3421D6AD27C008F9EFB /* arm */,
				32724CE721E1DD7200127D21 /* avr */,
				32724CEB21E1DDA700127D21 /* cantact */,
				32FD004C22E7E8CA00D11242 /* dfu */,
				32F25DD21CF24A2600494B1C /* driver */,
				325B6C841DBBE3EC00421596 /* fuse */,
				324C22E71CF429E7003A1AF5 /* eagle */,
				32D281EF1CF00EF200606B12 /* inkscape */,
				3235CA8C219BA856009022D0 /* minicom */,
				32FFA9FB1D18D6FB00E5BBF0 /* openocd */,
				3249F2A11D599E3900ECF5B4 /* openscad */,
				328002001D6AAA4A001C5E4E /* run */,
				32EBDE5C1D6ADB6A00CF5BEC /* source */,
				32836C6A21C9F09D0009C3D5 /* stlink */,
				32D281F21CF00EF200606B12 /* xquartz */,
				320A739B22E962B8004A2351 /* DesignSparkPCB.app */,
			);
			name = Resources;
			sourceTree = "<group>";
		};
/* End PBXGroup section */

/* Begin PBXNativeTarget section */
		32D281AD1CF0066E00606B12 /* Huebner Inverter */ = {
			isa = PBXNativeTarget;
			buildConfigurationList = 32D281D31CF0066F00606B12 /* Build configuration list for PBXNativeTarget "Huebner Inverter" */;
			buildPhases = (
				32D281AA1CF0066E00606B12 /* Sources */,
				32D281AB1CF0066E00606B12 /* Frameworks */,
				32D281AC1CF0066E00606B12 /* Resources */,
			);
			buildRules = (
			);
			dependencies = (
			);
			name = "Huebner Inverter";
			productName = "Huebner Inverter";
			productReference = 32D281AE1CF0066E00606B12 /* Huebner Inverter.app */;
			productType = "com.apple.product-type.application";
		};
/* End PBXNativeTarget section */

/* Begin PBXProject section */
		32D281A61CF0066E00606B12 /* Project object */ = {
			isa = PBXProject;
			attributes = {
				LastSwiftUpdateCheck = 0730;
				LastUpgradeCheck = 1020;
				ORGANIZATIONNAME = "";
				TargetAttributes = {
					32D281AD1CF0066E00606B12 = {
						CreatedOnToolsVersion = 7.3.1;
						LastSwiftMigration = 1020;
					};
				};
			};
			buildConfigurationList = 32D281A91CF0066E00606B12 /* Build configuration list for PBXProject "Huebner Inverter" */;
			compatibilityVersion = "Xcode 8.0";
			developmentRegion = en;
			hasScannedForEncodings = 0;
			knownRegions = (
				en,
				Base,
			);
			mainGroup = 32D281A51CF0066E00606B12;
			productRefGroup = 32D281AF1CF0066E00606B12 /* Products */;
			projectDirPath = "";
			projectRoot = "";
			targets = (
				32D281AD1CF0066E00606B12 /* Huebner Inverter */,
			);
		};
/* End PBXProject section */

/* Begin PBXResourcesBuildPhase section */
		32D281AC1CF0066E00606B12 /* Resources */ = {
			isa = PBXResourcesBuildPhase;
			buildActionMask = 2147483647;
			files = (
				324C22E81CF429E7003A1AF5 /* eagle in Resources */,
				32F25DD31CF24A2600494B1C /* driver in Resources */,
				32DE5F911CF0D03000113FCF /* Web in Resources */,
				328002011D6AAA4A001C5E4E /* run in Resources */,
				32EBDE5D1D6ADB6A00CF5BEC /* source in Resources */,
				3249F2A21D599E3900ECF5B4 /* openscad in Resources */,
				32D281B61CF0066F00606B12 /* Assets.xcassets in Resources */,
				32724CE821E1DD7200127D21 /* avr in Resources */,
				32D5A3431D6AD27C008F9EFB /* arm in Resources */,
				32724CEA21E1DD9D00127D21 /* arduino in Resources */,
				32FD004D22E7E8CA00D11242 /* dfu in Resources */,
				32724CEC21E1DDA800127D21 /* cantact in Resources */,
				32D281B91CF0066F00606B12 /* Main.storyboard in Resources */,
				325B6C851DBBE3EC00421596 /* fuse in Resources */,
				32D281F51CF00EF200606B12 /* inkscape in Resources */,
				32836C6B21C9F09D0009C3D5 /* stlink in Resources */,
				32FFA9FC1D18D6FB00E5BBF0 /* openocd in Resources */,
				3235CA8D219BA856009022D0 /* minicom in Resources */,
				32D281F81CF00EF200606B12 /* xquartz in Resources */,
				320A739C22E962B8004A2351 /* DesignSparkPCB.app in Resources */,
				32F25DD11CF2499F00494B1C /* kext in Resources */,
			);
			runOnlyForDeploymentPostprocessing = 0;
		};
/* End PBXResourcesBuildPhase section */

/* Begin PBXSourcesBuildPhase section */
		32D281AA1CF0066E00606B12 /* Sources */ = {
			isa = PBXSourcesBuildPhase;
			buildActionMask = 2147483647;
			files = (
				32D281B41CF0066E00606B12 /* Application.swift in Sources */,
			);
			runOnlyForDeploymentPostprocessing = 0;
		};
/* End PBXSourcesBuildPhase section */

/* Begin PBXVariantGroup section */
		32D281B71CF0066F00606B12 /* Main.storyboard */ = {
			isa = PBXVariantGroup;
			children = (
				32D281B81CF0066F00606B12 /* Base */,
			);
			name = Main.storyboard;
			sourceTree = "<group>";
		};
/* End PBXVariantGroup section */

/* Begin XCBuildConfiguration section */
		32D281D11CF0066F00606B12 /* Debug */ = {
			isa = XCBuildConfiguration;
			buildSettings = {
				ALWAYS_SEARCH_USER_PATHS = NO;
				CLANG_ANALYZER_LOCALIZABILITY_NONLOCALIZED = YES;
				CLANG_ANALYZER_NONNULL = YES;
				CLANG_CXX_LANGUAGE_STANDARD = "gnu++0x";
				CLANG_CXX_LIBRARY = "libc++";
				CLANG_ENABLE_MODULES = YES;
				CLANG_ENABLE_OBJC_ARC = YES;
				CLANG_WARN_BLOCK_CAPTURE_AUTORELEASING = YES;
				CLANG_WARN_BOOL_CONVERSION = YES;
				CLANG_WARN_COMMA = YES;
				CLANG_WARN_CONSTANT_CONVERSION = YES;
				CLANG_WARN_DEPRECATED_OBJC_IMPLEMENTATIONS = YES;
				CLANG_WARN_DIRECT_OBJC_ISA_USAGE = YES_ERROR;
				CLANG_WARN_EMPTY_BODY = YES;
				CLANG_WARN_ENUM_CONVERSION = YES;
				CLANG_WARN_INFINITE_RECURSION = YES;
				CLANG_WARN_INT_CONVERSION = YES;
				CLANG_WARN_NON_LITERAL_NULL_CONVERSION = YES;
				CLANG_WARN_OBJC_IMPLICIT_RETAIN_SELF = YES;
				CLANG_WARN_OBJC_LITERAL_CONVERSION = YES;
				CLANG_WARN_OBJC_ROOT_CLASS = YES_ERROR;
				CLANG_WARN_RANGE_LOOP_ANALYSIS = YES;
				CLANG_WARN_STRICT_PROTOTYPES = YES;
				CLANG_WARN_SUSPICIOUS_MOVE = YES;
				CLANG_WARN_UNREACHABLE_CODE = YES;
				CLANG_WARN__DUPLICATE_METHOD_MATCH = YES;
				CODE_SIGN_IDENTITY = "-";
				COPY_PHASE_STRIP = NO;
				DEBUG_INFORMATION_FORMAT = dwarf;
				ENABLE_STRICT_OBJC_MSGSEND = YES;
				ENABLE_TESTABILITY = YES;
				GCC_C_LANGUAGE_STANDARD = gnu99;
				GCC_DYNAMIC_NO_PIC = NO;
				GCC_NO_COMMON_BLOCKS = YES;
				GCC_OPTIMIZATION_LEVEL = 0;
				GCC_PREPROCESSOR_DEFINITIONS = (
					"DEBUG=1",
					"$(inherited)",
				);
				GCC_WARN_64_TO_32_BIT_CONVERSION = YES;
				GCC_WARN_ABOUT_RETURN_TYPE = YES_ERROR;
				GCC_WARN_UNDECLARED_SELECTOR = YES;
				GCC_WARN_UNINITIALIZED_AUTOS = YES_AGGRESSIVE;
				GCC_WARN_UNUSED_FUNCTION = YES;
				GCC_WARN_UNUSED_VARIABLE = YES;
				MACOSX_DEPLOYMENT_TARGET = 10.10;
				MTL_ENABLE_DEBUG_INFO = YES;
				ONLY_ACTIVE_ARCH = YES;
				SDKROOT = macosx;
				SWIFT_OPTIMIZATION_LEVEL = "-Onone";
			};
			name = Debug;
		};
		32D281D21CF0066F00606B12 /* Release */ = {
			isa = XCBuildConfiguration;
			buildSettings = {
				ALWAYS_SEARCH_USER_PATHS = NO;
				CLANG_ANALYZER_LOCALIZABILITY_NONLOCALIZED = YES;
				CLANG_ANALYZER_NONNULL = YES;
				CLANG_CXX_LANGUAGE_STANDARD = "gnu++0x";
				CLANG_CXX_LIBRARY = "libc++";
				CLANG_ENABLE_MODULES = YES;
				CLANG_ENABLE_OBJC_ARC = YES;
				CLANG_WARN_BLOCK_CAPTURE_AUTORELEASING = YES;
				CLANG_WARN_BOOL_CONVERSION = YES;
				CLANG_WARN_COMMA = YES;
				CLANG_WARN_CONSTANT_CONVERSION = YES;
				CLANG_WARN_DEPRECATED_OBJC_IMPLEMENTATIONS = YES;
				CLANG_WARN_DIRECT_OBJC_ISA_USAGE = YES_ERROR;
				CLANG_WARN_EMPTY_BODY = YES;
				CLANG_WARN_ENUM_CONVERSION = YES;
				CLANG_WARN_INFINITE_RECURSION = YES;
				CLANG_WARN_INT_CONVERSION = YES;
				CLANG_WARN_NON_LITERAL_NULL_CONVERSION = YES;
				CLANG_WARN_OBJC_IMPLICIT_RETAIN_SELF = YES;
				CLANG_WARN_OBJC_LITERAL_CONVERSION = YES;
				CLANG_WARN_OBJC_ROOT_CLASS = YES_ERROR;
				CLANG_WARN_RANGE_LOOP_ANALYSIS = YES;
				CLANG_WARN_STRICT_PROTOTYPES = YES;
				CLANG_WARN_SUSPICIOUS_MOVE = YES;
				CLANG_WARN_UNREACHABLE_CODE = YES;
				CLANG_WARN__DUPLICATE_METHOD_MATCH = YES;
				CODE_SIGN_IDENTITY = "-";
				COPY_PHASE_STRIP = NO;
				DEBUG_INFORMATION_FORMAT = "dwarf-with-dsym";
				ENABLE_NS_ASSERTIONS = NO;
				ENABLE_STRICT_OBJC_MSGSEND = YES;
				GCC_C_LANGUAGE_STANDARD = gnu99;
				GCC_NO_COMMON_BLOCKS = YES;
				GCC_WARN_64_TO_32_BIT_CONVERSION = YES;
				GCC_WARN_ABOUT_RETURN_TYPE = YES_ERROR;
				GCC_WARN_UNDECLARED_SELECTOR = YES;
				GCC_WARN_UNINITIALIZED_AUTOS = YES_AGGRESSIVE;
				GCC_WARN_UNUSED_FUNCTION = YES;
				GCC_WARN_UNUSED_VARIABLE = YES;
				MACOSX_DEPLOYMENT_TARGET = 10.10;
				MTL_ENABLE_DEBUG_INFO = NO;
				SDKROOT = macosx;
				SWIFT_OPTIMIZATION_LEVEL = "-Owholemodule";
			};
			name = Release;
		};
		32D281D41CF0066F00606B12 /* Debug */ = {
			isa = XCBuildConfiguration;
			buildSettings = {
				ASSETCATALOG_COMPILER_APPICON_NAME = AppIcon;
				COMBINE_HIDPI_IMAGES = YES;
				INFOPLIST_FILE = macOS/Info.plist;
				LD_RUNPATH_SEARCH_PATHS = "$(inherited) @executable_path/../Frameworks";
				MACOSX_DEPLOYMENT_TARGET = 10.10;
				PRODUCT_BUNDLE_IDENTIFIER = "Huebner-Inverter";
				PRODUCT_NAME = "$(TARGET_NAME)";
				SWIFT_OBJC_BRIDGING_HEADER = "";
				SWIFT_VERSION = 5.0;
			};
			name = Debug;
		};
		32D281D51CF0066F00606B12 /* Release */ = {
			isa = XCBuildConfiguration;
			buildSettings = {
				ASSETCATALOG_COMPILER_APPICON_NAME = AppIcon;
				COMBINE_HIDPI_IMAGES = YES;
				INFOPLIST_FILE = macOS/Info.plist;
				LD_RUNPATH_SEARCH_PATHS = "$(inherited) @executable_path/../Frameworks";
				MACOSX_DEPLOYMENT_TARGET = 10.10;
				PRODUCT_BUNDLE_IDENTIFIER = "Huebner-Inverter";
				PRODUCT_NAME = "$(TARGET_NAME)";
				SWIFT_OBJC_BRIDGING_HEADER = "";
				SWIFT_VERSION = 5.0;
			};
			name = Release;
		};
/* End XCBuildConfiguration section */

/* Begin XCConfigurationList section */
		32D281A91CF0066E00606B12 /* Build configuration list for PBXProject "Huebner Inverter" */ = {
			isa = XCConfigurationList;
			buildConfigurations = (
				32D281D11CF0066F00606B12 /* Debug */,
				32D281D21CF0066F00606B12 /* Release */,
			);
			defaultConfigurationIsVisible = 0;
			defaultConfigurationName = Debug;
		};
		32D281D31CF0066F00606B12 /* Build configuration list for PBXNativeTarget "Huebner Inverter" */ = {
			isa = XCConfigurationList;
			buildConfigurations = (
				32D281D41CF0066F00606B12 /* Debug */,
				32D281D51CF0066F00606B12 /* Release */,
			);
			defaultConfigurationIsVisible = 0;
			defaultConfigurationName = Debug;
		};
/* End XCConfigurationList section */
	};
	rootObject = 32D281A61CF0066E00606B12 /* Project object */;
}
